
Microsoft Visual Studio Solution File, Format Version 12.00
# Visual Studio Version 16
VisualStudioVersion = 25.0.1704.5
MinimumVisualStudioVersion = 10.0.40219.1
Project("{FAE04EC0-301F-11D3-BF4B-00C04F79EFBC}") = "BethanysPieShop", "BethanysPieShop\BethanysPieShop.csproj", "{3240FCA2-D630-45D0-9383-79A095B3EC3F}"
EndProject
Global
	GlobalSection(SolutionConfigurationPlatforms) = preSolution
		Debug|Any CPU = Debug|Any CPU
		Release|Any CPU = Release|Any CPU
	EndGlobalSection
	GlobalSection(ProjectConfigurationPlatforms) = postSolution
		{3240FCA2-D630-45D0-9383-79A095B3EC3F}.Debug|Any CPU.ActiveCfg = Debug|Any CPU
		{3240FCA2-D630-45D0-9383-79A095B3EC3F}.Debug|Any CPU.Build.0 = Debug|Any CPU
		{3240FCA2-D630-45D0-9383-79A095B3EC3F}.Release|Any CPU.ActiveCfg = Release|Any CPU
		{3240FCA2-D630-45D0-9383-79A095B3EC3F}.Release|Any CPU.Build.0 = Release|Any CPU
	EndGlobalSection
	GlobalSection(SolutionProperties) = preSolution
		HideSolutionNode = FALSE
	EndGlobalSection
	GlobalSection(ExtensibilityGlobals) = postSolution
		SolutionGuid = {111ADDF2-49A0-4A05-9FC1-AB4C30BC9A74}
	EndGlobalSection
EndGlobal
